// !$*UTF8*$!
{
	archiveVersion = 1;
	classes = {
	};
	objectVersion = 46;
	objects = {

/* Begin PBXBuildFile section */
		3FBC17611FCF863E00A48D6C /* AppDelegate.swift in Sources */ = {isa = PBXBuildFile; fileRef = 3FBC17601FCF863E00A48D6C /* AppDelegate.swift */; };
		3FBC17661FCF863E00A48D6C /* Main.storyboard in Resources */ = {isa = PBXBuildFile; fileRef = 3FBC17641FCF863E00A48D6C /* Main.storyboard */; };
		3FBC17681FCF863E00A48D6C /* Assets.xcassets in Resources */ = {isa = PBXBuildFile; fileRef = 3FBC17671FCF863E00A48D6C /* Assets.xcassets */; };
		3FBC176B1FCF863E00A48D6C /* LaunchScreen.storyboard in Resources */ = {isa = PBXBuildFile; fileRef = 3FBC17691FCF863E00A48D6C /* LaunchScreen.storyboard */; };
		3FBC17731FCF8B3800A48D6C /* FavoruitesList.swift in Sources */ = {isa = PBXBuildFile; fileRef = 3FBC17721FCF8B3800A48D6C /* FavoruitesList.swift */; };
		3FBC17771FCF91D000A48D6C /* RootViewController.swift in Sources */ = {isa = PBXBuildFile; fileRef = 3FBC17761FCF91D000A48D6C /* RootViewController.swift */; };
		3FBC17791FCFA46B00A48D6C /* FontListViewController.swift in Sources */ = {isa = PBXBuildFile; fileRef = 3FBC17781FCFA46B00A48D6C /* FontListViewController.swift */; };
		3FBC177B1FCFAC7000A48D6C /* FontSizesViewController.swift in Sources */ = {isa = PBXBuildFile; fileRef = 3FBC177A1FCFAC7000A48D6C /* FontSizesViewController.swift */; };
		3FBC177D1FCFAF1400A48D6C /* FontInfoViewController.swift in Sources */ = {isa = PBXBuildFile; fileRef = 3FBC177C1FCFAF1400A48D6C /* FontInfoViewController.swift */; };
/* End PBXBuildFile section */

/* Begin PBXFileReference section */
		3FBC175D1FCF863E00A48D6C /* Hierarchical Navigation.app */ = {isa = PBXFileReference; explicitFileType = wrapper.application; includeInIndex = 0; path = "Hierarchical Navigation.app"; sourceTree = BUILT_PRODUCTS_DIR; };
		3FBC17601FCF863E00A48D6C /* AppDelegate.swift */ = {isa = PBXFileReference; lastKnownFileType = sourcecode.swift; path = AppDelegate.swift; sourceTree = "<group>"; };
		3FBC17651FCF863E00A48D6C /* Base */ = {isa = PBXFileReference; lastKnownFileType = file.storyboard; name = Base; path = Base.lproj/Main.storyboard; sourceTree = "<group>"; };
		3FBC17671FCF863E00A48D6C /* Assets.xcassets */ = {isa = PBXFileReference; lastKnownFileType = folder.assetcatalog; path = Assets.xcassets; sourceTree = "<group>"; };
		3FBC176A1FCF863E00A48D6C /* Base */ = {isa = PBXFileReference; lastKnownFileType = file.storyboard; name = Base; path = Base.lproj/LaunchScreen.storyboard; sourceTree = "<group>"; };
		3FBC176C1FCF863E00A48D6C /* Info.plist */ = {isa = PBXFileReference; lastKnownFileType = text.plist.xml; path = Info.plist; sourceTree = "<group>"; };
		3FBC17721FCF8B3800A48D6C /* FavoruitesList.swift */ = {isa = PBXFileReference; fileEncoding = 4; lastKnownFileType = sourcecode.swift; path = FavoruitesList.swift; sourceTree = "<group>"; };
		3FBC17761FCF91D000A48D6C /* RootViewController.swift */ = {isa = PBXFileReference; fileEncoding = 4; lastKnownFileType = sourcecode.swift; path = RootViewController.swift; sourceTree = "<group>"; };
		3FBC17781FCFA46B00A48D6C /* FontListViewController.swift */ = {isa = PBXFileReference; fileEncoding = 4; lastKnownFileType = sourcecode.swift; path = FontListViewController.swift; sourceTree = "<group>"; };
		3FBC177A1FCFAC7000A48D6C /* FontSizesViewController.swift */ = {isa = PBXFileReference; fileEncoding = 4; lastKnownFileType = sourcecode.swift; path = FontSizesViewController.swift; sourceTree = "<group>"; };
		3FBC177C1FCFAF1400A48D6C /* FontInfoViewController.swift */ = {isa = PBXFileReference; fileEncoding = 4; lastKnownFileType = sourcecode.swift; path = FontInfoViewController.swift; sourceTree = "<group>"; };
/* End PBXFileReference section */

/* Begin PBXFrameworksBuildPhase section */
		3FBC175A1FCF863E00A48D6C /* Frameworks */ = {
			isa = PBXFrameworksBuildPhase;
			buildActionMask = 2147483647;
			files = (
			);
			runOnlyForDeploymentPostprocessing = 0;
		};
/* End PBXFrameworksBuildPhase section */

/* Begin PBXGroup section */
		3FBC17541FCF863E00A48D6C = {
			isa = PBXGroup;
			children = (
				3FBC175F1FCF863E00A48D6C /* Hierarchical Navigation */,
				3FBC175E1FCF863E00A48D6C /* Products */,
			);
			sourceTree = "<group>";
		};
		3FBC175E1FCF863E00A48D6C /* Products */ = {
			isa = PBXGroup;
			children = (
				3FBC175D1FCF863E00A48D6C /* Hierarchical Navigation.app */,
			);
			name = Products;
			sourceTree = "<group>";
		};
		3FBC175F1FCF863E00A48D6C /* Hierarchical Navigation */ = {
			isa = PBXGroup;
			children = (
				3FBC17601FCF863E00A48D6C /* AppDelegate.swift */,
				3FBC17641FCF863E00A48D6C /* Main.storyboard */,
				3FBC17761FCF91D000A48D6C /* RootViewController.swift */,
				3FBC17721FCF8B3800A48D6C /* FavoruitesList.swift */,
				3FBC17671FCF863E00A48D6C /* Assets.xcassets */,
				3FBC17691FCF863E00A48D6C /* LaunchScreen.storyboard */,
				3FBC176C1FCF863E00A48D6C /* Info.plist */,
				3FBC17781FCFA46B00A48D6C /* FontListViewController.swift */,
				3FBC177A1FCFAC7000A48D6C /* FontSizesViewController.swift */,
				3FBC177C1FCFAF1400A48D6C /* FontInfoViewController.swift */,
			);
			path = "Hierarchical Navigation";
			sourceTree = "<group>";
		};
/* End PBXGroup section */

/* Begin PBXNativeTarget section */
		3FBC175C1FCF863E00A48D6C /* Hierarchical Navigation */ = {
			isa = PBXNativeTarget;
			buildConfigurationList = 3FBC176F1FCF863E00A48D6C /* Build configuration list for PBXNativeTarget "Hierarchical Navigation" */;
			buildPhases = (
				3FBC17591FCF863E00A48D6C /* Sources */,
				3FBC175A1FCF863E00A48D6C /* Frameworks */,
				3FBC175B1FCF863E00A48D6C /* Resources */,
			);
			buildRules = (
			);
			dependencies = (
			);
			name = "Hierarchical Navigation";
			productName = "Hierarchical Navigation";
			productReference = 3FBC175D1FCF863E00A48D6C /* Hierarchical Navigation.app */;
			productType = "com.apple.product-type.application";
		};
/* End PBXNativeTarget section */

/* Begin PBXProject section */
		3FBC17551FCF863E00A48D6C /* Project object */ = {
			isa = PBXProject;
			attributes = {
				LastSwiftUpdateCheck = 0820;
				LastUpgradeCheck = 0820;
				ORGANIZATIONNAME = "Centennial College";
				TargetAttributes = {
					3FBC175C1FCF863E00A48D6C = {
						CreatedOnToolsVersion = 8.2.1;
						ProvisioningStyle = Automatic;
					};
				};
			};
			buildConfigurationList = 3FBC17581FCF863E00A48D6C /* Build configuration list for PBXProject "Hierarchical Navigation" */;
			compatibilityVersion = "Xcode 3.2";
			developmentRegion = English;
			hasScannedForEncodings = 0;
			knownRegions = (
				en,
				Base,
			);
			mainGroup = 3FBC17541FCF863E00A48D6C;
			productRefGroup = 3FBC175E1FCF863E00A48D6C /* Products */;
			projectDirPath = "";
			projectRoot = "";
			targets = (
				3FBC175C1FCF863E00A48D6C /* Hierarchical Navigation */,
			);
		};
/* End PBXProject section */

/* Begin PBXResourcesBuildPhase section */
		3FBC175B1FCF863E00A48D6C /* Resources */ = {
			isa = PBXResourcesBuildPhase;
			buildActionMask = 2147483647;
			files = (
				3FBC176B1FCF863E00A48D6C /* LaunchScreen.storyboard in Resources */,
				3FBC17681FCF863E00A48D6C /* Assets.xcassets in Resources */,
				3FBC17661FCF863E00A48D6C /* Main.storyboard in Resources */,
			);
			runOnlyForDeploymentPostprocessing = 0;
		};
/* End PBXResourcesBuildPhase section */

/* Begin PBXSourcesBuildPhase section */
		3FBC17591FCF863E00A48D6C /* Sources */ = {
			isa = PBXSourcesBuildPhase;
			buildActionMask = 2147483647;
			files = (
				3FBC177B1FCFAC7000A48D6C /* FontSizesViewController.swift in Sources */,
				3FBC17611FCF863E00A48D6C /* AppDelegate.swift in Sources */,
				3FBC17791FCFA46B00A48D6C /* FontListViewController.swift in Sources */,
				3FBC177D1FCFAF1400A48D6C /* FontInfoViewController.swift in Sources */,
				3FBC17731FCF8B3800A48D6C /* FavoruitesList.swift in Sources */,
				3FBC17771FCF91D000A48D6C /* RootViewController.swift in Sources */,
			);
			runOnlyForDeploymentPostprocessing = 0;
		};
/* End PBXSourcesBuildPhase section */

/* Begin PBXVariantGroup section */
		3FBC17641FCF863E00A48D6C /* Main.storyboard */ = {
			isa = PBXVariantGroup;
			children = (
				3FBC17651FCF863E00A48D6C /* Base */,
			);
			name = Main.storyboard;
			sourceTree = "<group>";
		};
		3FBC17691FCF863E00A48D6C /* LaunchScreen.storyboard */ = {
			isa = PBXVariantGroup;
			children = (
				3FBC176A1FCF863E00A48D6C /* Base */,
			);
			name = LaunchScreen.storyboard;
			sourceTree = "<group>";
		};
/* End PBXVariantGroup section */

/* Begin XCBuildConfiguration section */
		3FBC176D1FCF863E00A48D6C /* Debug */ = {
			isa = XCBuildConfiguration;
			buildSettings = {
				ALWAYS_SEARCH_USER_PATHS = NO;
				CLANG_ANALYZER_NONNULL = YES;
				CLANG_CXX_LANGUAGE_STANDARD = "gnu++0x";
				CLANG_CXX_LIBRARY = "libc++";
				CLANG_ENABLE_MODULES = YES;
				CLANG_ENABLE_OBJC_ARC = YES;
				CLANG_WARN_BOOL_CONVERSION = YES;
				CLANG_WARN_CONSTANT_CONVERSION = YES;
				CLANG_WARN_DIRECT_OBJC_ISA_USAGE = YES_ERROR;
				CLANG_WARN_DOCUMENTATION_COMMENTS = YES;
				CLANG_WARN_EMPTY_BODY = YES;
				CLANG_WARN_ENUM_CONVERSION = YES;
				CLANG_WARN_INFINITE_RECURSION = YES;
				CLANG_WARN_INT_CONVERSION = YES;
				CLANG_WARN_OBJC_ROOT_CLASS = YES_ERROR;
				CLANG_WARN_SUSPICIOUS_MOVE = YES;
				CLANG_WARN_UNREACHABLE_CODE = YES;
				CLANG_WARN__DUPLICATE_METHOD_MATCH = YES;
				"CODE_SIGN_IDENTITY[sdk=iphoneos*]" = "iPhone Developer";
				COPY_PHASE_STRIP = NO;
				DEBUG_INFORMATION_FORMAT = dwarf;
				ENABLE_STRICT_OBJC_MSGSEND = YES;
				ENABLE_TESTABILITY = YES;
				GCC_C_LANGUAGE_STANDARD = gnu99;
				GCC_DYNAMIC_NO_PIC = NO;
				GCC_NO_COMMON_BLOCKS = YES;
				GCC_OPTIMIZATION_LEVEL = 0;
				GCC_PREPROCESSOR_DEFINITIONS = (
					"DEBUG=1",
					"$(inherited)",
				);
				GCC_WARN_64_TO_32_BIT_CONVERSION = YES;
				GCC_WARN_ABOUT_RETURN_TYPE = YES_ERROR;
				GCC_WARN_UNDECLARED_SELECTOR = YES;
				GCC_WARN_UNINITIALIZED_AUTOS = YES_AGGRESSIVE;
				GCC_WARN_UNUSED_FUNCTION = YES;
				GCC_WARN_UNUSED_VARIABLE = YES;
				IPHONEOS_DEPLOYMENT_TARGET = 10.2;
				MTL_ENABLE_DEBUG_INFO = YES;
				ONLY_ACTIVE_ARCH = YES;
				SDKROOT = iphoneos;
				SWIFT_ACTIVE_COMPILATION_CONDITIONS = DEBUG;
				SWIFT_OPTIMIZATION_LEVEL = "-Onone";
			};
			name = Debug;
		};
		3FBC176E1FCF863E00A48D6C /* Release */ = {
			isa = XCBuildConfiguration;
			buildSettings = {
				ALWAYS_SEARCH_USER_PATHS = NO;
				CLANG_ANALYZER_NONNULL = YES;
				CLANG_CXX_LANGUAGE_STANDARD = "gnu++0x";
				CLANG_CXX_LIBRARY = "libc++";
				CLANG_ENABLE_MODULES = YES;
				CLANG_ENABLE_OBJC_ARC = YES;
				CLANG_WARN_BOOL_CONVERSION = YES;
				CLANG_WARN_CONSTANT_CONVERSION = YES;
				CLANG_WARN_DIRECT_OBJC_ISA_USAGE = YES_ERROR;
				CLANG_WARN_DOCUMENTATION_COMMENTS = YES;
				CLANG_WARN_EMPTY_BODY = YES;
				CLANG_WARN_ENUM_CONVERSION = YES;
				CLANG_WARN_INFINITE_RECURSION = YES;
				CLANG_WARN_INT_CONVERSION = YES;
				CLANG_WARN_OBJC_ROOT_CLASS = YES_ERROR;
				CLANG_WARN_SUSPICIOUS_MOVE = YES;
				CLANG_WARN_UNREACHABLE_CODE = YES;
				CLANG_WARN__DUPLICATE_METHOD_MATCH = YES;
				"CODE_SIGN_IDENTITY[sdk=iphoneos*]" = "iPhone Developer";
				COPY_PHASE_STRIP = NO;
				DEBUG_INFORMATION_FORMAT = "dwarf-with-dsym";
				ENABLE_NS_ASSERTIONS = NO;
				ENABLE_STRICT_OBJC_MSGSEND = YES;
				GCC_C_LANGUAGE_STANDARD = gnu99;
				GCC_NO_COMMON_BLOCKS = YES;
				GCC_WARN_64_TO_32_BIT_CONVERSION = YES;
				GCC_WARN_ABOUT_RETURN_TYPE = YES_ERROR;
				GCC_WARN_UNDECLARED_SELECTOR = YES;
				GCC_WARN_UNINITIALIZED_AUTOS = YES_AGGRESSIVE;
				GCC_WARN_UNUSED_FUNCTION = YES;
				GCC_WARN_UNUSED_VARIABLE = YES;
				IPHONEOS_DEPLOYMENT_TARGET = 10.2;
				MTL_ENABLE_DEBUG_INFO = NO;
				SDKROOT = iphoneos;
				SWIFT_OPTIMIZATION_LEVEL = "-Owholemodule";
				VALIDATE_PRODUCT = YES;
			};
			name = Release;
		};
		3FBC17701FCF863E00A48D6C /* Debug */ = {
			isa = XCBuildConfiguration;
			buildSettings = {
				ASSETCATALOG_COMPILER_APPICON_NAME = AppIcon;
				INFOPLIST_FILE = "Hierarchical Navigation/Info.plist";
				LD_RUNPATH_SEARCH_PATHS = "$(inherited) @executable_path/Frameworks";
				PRODUCT_BUNDLE_IDENTIFIER = "ca.centennialcollege.Hierarchical-Navigation";
				PRODUCT_NAME = "$(TARGET_NAME)";
				SWIFT_VERSION = 3.0;
			};
			name = Debug;
		};
		3FBC17711FCF863E00A48D6C /* Release */ = {
			isa = XCBuildConfiguration;
			buildSettings = {
				ASSETCATALOG_COMPILER_APPICON_NAME = AppIcon;
				INFOPLIST_FILE = "Hierarchical Navigation/Info.plist";
				LD_RUNPATH_SEARCH_PATHS = "$(inherited) @executable_path/Frameworks";
				PRODUCT_BUNDLE_IDENTIFIER = "ca.centennialcollege.Hierarchical-Navigation";
				PRODUCT_NAME = "$(TARGET_NAME)";
				SWIFT_VERSION = 3.0;
			};
			name = Release;
		};
/* End XCBuildConfiguration section */

/* Begin XCConfigurationList section */
		3FBC17581FCF863E00A48D6C /* Build configuration list for PBXProject "Hierarchical Navigation" */ = {
			isa = XCConfigurationList;
			buildConfigurations = (
				3FBC176D1FCF863E00A48D6C /* Debug */,
				3FBC176E1FCF863E00A48D6C /* Release */,
			);
			defaultConfigurationIsVisible = 0;
			defaultConfigurationName = Release;
		};
		3FBC176F1FCF863E00A48D6C /* Build configuration list for PBXNativeTarget "Hierarchical Navigation" */ = {
			isa = XCConfigurationList;
			buildConfigurations = (
				3FBC17701FCF863E00A48D6C /* Debug */,
				3FBC17711FCF863E00A48D6C /* Release */,
			);
			defaultConfigurationIsVisible = 0;
		};
/* End XCConfigurationList section */
	};
	rootObject = 3FBC17551FCF863E00A48D6C /* Project object */;
}
